// !$*UTF8*$!
{
	archiveVersion = 1;
	classes = {
	};
	objectVersion = 77;
	objects = {

/* Begin PBXBuildFile section */
		955E90002D90597600B0AD15 /* Factory in Frameworks */ = {isa = PBXBuildFile; productRef = 955E8FFF2D90597600B0AD15 /* Factory */; };
/* End PBXBuildFile section */

/* Begin PBXContainerItemProxy section */
		955E8FE02D90576400B0AD15 /* PBXContainerItemProxy */ = {
			isa = PBXContainerItemProxy;
			containerPortal = 955E8FC72D90576200B0AD15 /* Project object */;
			proxyType = 1;
			remoteGlobalIDString = 955E8FCE2D90576200B0AD15;
			remoteInfo = BamwareDemoApp;
		};
		955E8FEA2D90576400B0AD15 /* PBXContainerItemProxy */ = {
			isa = PBXContainerItemProxy;
			containerPortal = 955E8FC72D90576200B0AD15 /* Project object */;
			proxyType = 1;
			remoteGlobalIDString = 955E8FCE2D90576200B0AD15;
			remoteInfo = BamwareDemoApp;
		};
/* End PBXContainerItemProxy section */

/* Begin PBXFileReference section */
		955E8FCF2D90576200B0AD15 /* BamwareDemoApp.app */ = {isa = PBXFileReference; explicitFileType = wrapper.application; includeInIndex = 0; path = BamwareDemoApp.app; sourceTree = BUILT_PRODUCTS_DIR; };
		955E8FDF2D90576400B0AD15 /* BamwareDemoAppTests.xctest */ = {isa = PBXFileReference; explicitFileType = wrapper.cfbundle; includeInIndex = 0; path = BamwareDemoAppTests.xctest; sourceTree = BUILT_PRODUCTS_DIR; };
		955E8FE92D90576400B0AD15 /* BamwareDemoAppUITests.xctest */ = {isa = PBXFileReference; explicitFileType = wrapper.cfbundle; includeInIndex = 0; path = BamwareDemoAppUITests.xctest; sourceTree = BUILT_PRODUCTS_DIR; };
		955E905D2D90B12B00B0AD15 /* bamware-ios */ = {isa = PBXFileReference; lastKnownFileType = wrapper; name = "bamware-ios"; path = "../bamware-ios"; sourceTree = "<group>"; };
/* End PBXFileReference section */

/* Begin PBXFileSystemSynchronizedRootGroup section */
		955E8FD12D90576200B0AD15 /* BamwareDemoApp */ = {
			isa = PBXFileSystemSynchronizedRootGroup;
			path = BamwareDemoApp;
			sourceTree = "<group>";
		};
		955E8FE22D90576400B0AD15 /* BamwareDemoAppTests */ = {
			isa = PBXFileSystemSynchronizedRootGroup;
			path = BamwareDemoAppTests;
			sourceTree = "<group>";
		};
		955E8FEC2D90576400B0AD15 /* BamwareDemoAppUITests */ = {
			isa = PBXFileSystemSynchronizedRootGroup;
			path = BamwareDemoAppUITests;
			sourceTree = "<group>";
		};
/* End PBXFileSystemSynchronizedRootGroup section */

/* Begin PBXFrameworksBuildPhase section */
		955E8FCC2D90576200B0AD15 /* Frameworks */ = {
			isa = PBXFrameworksBuildPhase;
			buildActionMask = 2147483647;
			files = (
				955E90002D90597600B0AD15 /* Factory in Frameworks */,
			);
			runOnlyForDeploymentPostprocessing = 0;
		};
		955E8FDC2D90576400B0AD15 /* Frameworks */ = {
			isa = PBXFrameworksBuildPhase;
			buildActionMask = 2147483647;
			files = (
			);
			runOnlyForDeploymentPostprocessing = 0;
		};
		955E8FE62D90576400B0AD15 /* Frameworks */ = {
			isa = PBXFrameworksBuildPhase;
			buildActionMask = 2147483647;
			files = (
			);
			runOnlyForDeploymentPostprocessing = 0;
		};
/* End PBXFrameworksBuildPhase section */

/* Begin PBXGroup section */
		955E8FC62D90576200B0AD15 = {
			isa = PBXGroup;
			children = (
				955E8FD12D90576200B0AD15 /* BamwareDemoApp */,
				955E8FE22D90576400B0AD15 /* BamwareDemoAppTests */,
				955E8FEC2D90576400B0AD15 /* BamwareDemoAppUITests */,
				955E905C2D90B12B00B0AD15 /* Frameworks */,
				955E8FD02D90576200B0AD15 /* Products */,
			);
			sourceTree = "<group>";
		};
		955E8FD02D90576200B0AD15 /* Products */ = {
			isa = PBXGroup;
			children = (
				955E8FCF2D90576200B0AD15 /* BamwareDemoApp.app */,
				955E8FDF2D90576400B0AD15 /* BamwareDemoAppTests.xctest */,
				955E8FE92D90576400B0AD15 /* BamwareDemoAppUITests.xctest */,
			);
			name = Products;
			sourceTree = "<group>";
		};
		955E905C2D90B12B00B0AD15 /* Frameworks */ = {
			isa = PBXGroup;
			children = (
				955E905D2D90B12B00B0AD15 /* bamware-ios */,
			);
			name = Frameworks;
			sourceTree = "<group>";
		};
/* End PBXGroup section */

/* Begin PBXNativeTarget section */
		955E8FCE2D90576200B0AD15 /* BamwareDemoApp */ = {
			isa = PBXNativeTarget;
			buildConfigurationList = 955E8FF32D90576400B0AD15 /* Build configuration list for PBXNativeTarget "BamwareDemoApp" */;
			buildPhases = (
				955E8FCB2D90576200B0AD15 /* Sources */,
				955E8FCC2D90576200B0AD15 /* Frameworks */,
				955E8FCD2D90576200B0AD15 /* Resources */,
			);
			buildRules = (
			);
			dependencies = (
			);
			fileSystemSynchronizedGroups = (
				955E8FD12D90576200B0AD15 /* BamwareDemoApp */,
			);
			name = BamwareDemoApp;
			packageProductDependencies = (
				955E8FFF2D90597600B0AD15 /* Factory */,
			);
			productName = BamwareDemoApp;
			productReference = 955E8FCF2D90576200B0AD15 /* BamwareDemoApp.app */;
			productType = "com.apple.product-type.application";
		};
		955E8FDE2D90576400B0AD15 /* BamwareDemoAppTests */ = {
			isa = PBXNativeTarget;
			buildConfigurationList = 955E8FF62D90576400B0AD15 /* Build configuration list for PBXNativeTarget "BamwareDemoAppTests" */;
			buildPhases = (
				955E8FDB2D90576400B0AD15 /* Sources */,
				955E8FDC2D90576400B0AD15 /* Frameworks */,
				955E8FDD2D90576400B0AD15 /* Resources */,
			);
			buildRules = (
			);
			dependencies = (
				955E8FE12D90576400B0AD15 /* PBXTargetDependency */,
			);
			fileSystemSynchronizedGroups = (
				955E8FE22D90576400B0AD15 /* BamwareDemoAppTests */,
			);
			name = BamwareDemoAppTests;
			packageProductDependencies = (
			);
			productName = BamwareDemoAppTests;
			productReference = 955E8FDF2D90576400B0AD15 /* BamwareDemoAppTests.xctest */;
			productType = "com.apple.product-type.bundle.unit-test";
		};
		955E8FE82D90576400B0AD15 /* BamwareDemoAppUITests */ = {
			isa = PBXNativeTarget;
			buildConfigurationList = 955E8FF92D90576400B0AD15 /* Build configuration list for PBXNativeTarget "BamwareDemoAppUITests" */;
			buildPhases = (
				955E8FE52D90576400B0AD15 /* Sources */,
				955E8FE62D90576400B0AD15 /* Frameworks */,
				955E8FE72D90576400B0AD15 /* Resources */,
			);
			buildRules = (
			);
			dependencies = (
				955E8FEB2D90576400B0AD15 /* PBXTargetDependency */,
			);
			fileSystemSynchronizedGroups = (
				955E8FEC2D90576400B0AD15 /* BamwareDemoAppUITests */,
			);
			name = BamwareDemoAppUITests;
			packageProductDependencies = (
			);
			productName = BamwareDemoAppUITests;
			productReference = 955E8FE92D90576400B0AD15 /* BamwareDemoAppUITests.xctest */;
			productType = "com.apple.product-type.bundle.ui-testing";
		};
/* End PBXNativeTarget section */

/* Begin PBXProject section */
		955E8FC72D90576200B0AD15 /* Project object */ = {
			isa = PBXProject;
			attributes = {
				BuildIndependentTargetsInParallel = 1;
				LastSwiftUpdateCheck = 1620;
				LastUpgradeCheck = 1620;
				TargetAttributes = {
					955E8FCE2D90576200B0AD15 = {
						CreatedOnToolsVersion = 16.2;
					};
					955E8FDE2D90576400B0AD15 = {
						CreatedOnToolsVersion = 16.2;
						TestTargetID = 955E8FCE2D90576200B0AD15;
					};
					955E8FE82D90576400B0AD15 = {
						CreatedOnToolsVersion = 16.2;
						TestTargetID = 955E8FCE2D90576200B0AD15;
					};
				};
			};
			buildConfigurationList = 955E8FCA2D90576200B0AD15 /* Build configuration list for PBXProject "BamwareDemoApp" */;
			developmentRegion = en;
			hasScannedForEncodings = 0;
			knownRegions = (
				en,
				Base,
			);
			mainGroup = 955E8FC62D90576200B0AD15;
			minimizedProjectReferenceProxies = 1;
			packageReferences = (
				955E8FFE2D90597600B0AD15 /* XCRemoteSwiftPackageReference "Factory" */,
				955E90012D9059BB00B0AD15 /* XCRemoteSwiftPackageReference "bamware-ios" */,
			);
			preferredProjectObjectVersion = 77;
			productRefGroup = 955E8FD02D90576200B0AD15 /* Products */;
			projectDirPath = "";
			projectRoot = "";
			targets = (
				955E8FCE2D90576200B0AD15 /* BamwareDemoApp */,
				955E8FDE2D90576400B0AD15 /* BamwareDemoAppTests */,
				955E8FE82D90576400B0AD15 /* BamwareDemoAppUITests */,
			);
		};
/* End PBXProject section */

/* Begin PBXResourcesBuildPhase section */
		955E8FCD2D90576200B0AD15 /* Resources */ = {
			isa = PBXResourcesBuildPhase;
			buildActionMask = 2147483647;
			files = (
			);
			runOnlyForDeploymentPostprocessing = 0;
		};
		955E8FDD2D90576400B0AD15 /* Resources */ = {
			isa = PBXResourcesBuildPhase;
			buildActionMask = 2147483647;
			files = (
			);
			runOnlyForDeploymentPostprocessing = 0;
		};
		955E8FE72D90576400B0AD15 /* Resources */ = {
			isa = PBXResourcesBuildPhase;
			buildActionMask = 2147483647;
			files = (
			);
			runOnlyForDeploymentPostprocessing = 0;
		};
/* End PBXResourcesBuildPhase section */

/* Begin PBXSourcesBuildPhase section */
		955E8FCB2D90576200B0AD15 /* Sources */ = {
			isa = PBXSourcesBuildPhase;
			buildActionMask = 2147483647;
			files = (
			);
			runOnlyForDeploymentPostprocessing = 0;
		};
		955E8FDB2D90576400B0AD15 /* Sources */ = {
			isa = PBXSourcesBuildPhase;
			buildActionMask = 2147483647;
			files = (
			);
			runOnlyForDeploymentPostprocessing = 0;
		};
		955E8FE52D90576400B0AD15 /* Sources */ = {
			isa = PBXSourcesBuildPhase;
			buildActionMask = 2147483647;
			files = (
			);
			runOnlyForDeploymentPostprocessing = 0;
		};
/* End PBXSourcesBuildPhase section */

/* Begin PBXTargetDependency section */
		955E8FE12D90576400B0AD15 /* PBXTargetDependency */ = {
			isa = PBXTargetDependency;
			target = 955E8FCE2D90576200B0AD15 /* BamwareDemoApp */;
			targetProxy = 955E8FE02D90576400B0AD15 /* PBXContainerItemProxy */;
		};
		955E8FEB2D90576400B0AD15 /* PBXTargetDependency */ = {
			isa = PBXTargetDependency;
			target = 955E8FCE2D90576200B0AD15 /* BamwareDemoApp */;
			targetProxy = 955E8FEA2D90576400B0AD15 /* PBXContainerItemProxy */;
		};
/* End PBXTargetDependency section */

/* Begin XCBuildConfiguration section */
		955E8FF12D90576400B0AD15 /* Debug */ = {
			isa = XCBuildConfiguration;
			buildSettings = {
				ALWAYS_SEARCH_USER_PATHS = NO;
				ASSETCATALOG_COMPILER_GENERATE_SWIFT_ASSET_SYMBOL_EXTENSIONS = YES;
				CLANG_ANALYZER_NONNULL = YES;
				CLANG_ANALYZER_NUMBER_OBJECT_CONVERSION = YES_AGGRESSIVE;
				CLANG_CXX_LANGUAGE_STANDARD = "gnu++20";
				CLANG_ENABLE_MODULES = YES;
				CLANG_ENABLE_OBJC_ARC = YES;
				CLANG_ENABLE_OBJC_WEAK = YES;
				CLANG_WARN_BLOCK_CAPTURE_AUTORELEASING = YES;
				CLANG_WARN_BOOL_CONVERSION = YES;
				CLANG_WARN_COMMA = YES;
				CLANG_WARN_CONSTANT_CONVERSION = YES;
				CLANG_WARN_DEPRECATED_OBJC_IMPLEMENTATIONS = YES;
				CLANG_WARN_DIRECT_OBJC_ISA_USAGE = YES_ERROR;
				CLANG_WARN_DOCUMENTATION_COMMENTS = YES;
				CLANG_WARN_EMPTY_BODY = YES;
				CLANG_WARN_ENUM_CONVERSION = YES;
				CLANG_WARN_INFINITE_RECURSION = YES;
				CLANG_WARN_INT_CONVERSION = YES;
				CLANG_WARN_NON_LITERAL_NULL_CONVERSION = YES;
				CLANG_WARN_OBJC_IMPLICIT_RETAIN_SELF = YES;
				CLANG_WARN_OBJC_LITERAL_CONVERSION = YES;
				CLANG_WARN_OBJC_ROOT_CLASS = YES_ERROR;
				CLANG_WARN_QUOTED_INCLUDE_IN_FRAMEWORK_HEADER = YES;
				CLANG_WARN_RANGE_LOOP_ANALYSIS = YES;
				CLANG_WARN_STRICT_PROTOTYPES = YES;
				CLANG_WARN_SUSPICIOUS_MOVE = YES;
				CLANG_WARN_UNGUARDED_AVAILABILITY = YES_AGGRESSIVE;
				CLANG_WARN_UNREACHABLE_CODE = YES;
				CLANG_WARN__DUPLICATE_METHOD_MATCH = YES;
				COPY_PHASE_STRIP = NO;
				DEBUG_INFORMATION_FORMAT = dwarf;
				ENABLE_STRICT_OBJC_MSGSEND = YES;
				ENABLE_TESTABILITY = YES;
				ENABLE_USER_SCRIPT_SANDBOXING = YES;
				GCC_C_LANGUAGE_STANDARD = gnu17;
				GCC_DYNAMIC_NO_PIC = NO;
				GCC_NO_COMMON_BLOCKS = YES;
				GCC_OPTIMIZATION_LEVEL = 0;
				GCC_PREPROCESSOR_DEFINITIONS = (
					"DEBUG=1",
					"$(inherited)",
				);
				GCC_WARN_64_TO_32_BIT_CONVERSION = YES;
				GCC_WARN_ABOUT_RETURN_TYPE = YES_ERROR;
				GCC_WARN_UNDECLARED_SELECTOR = YES;
				GCC_WARN_UNINITIALIZED_AUTOS = YES_AGGRESSIVE;
				GCC_WARN_UNUSED_FUNCTION = YES;
				GCC_WARN_UNUSED_VARIABLE = YES;
				IPHONEOS_DEPLOYMENT_TARGET = 18.2;
				LOCALIZATION_PREFERS_STRING_CATALOGS = YES;
				MTL_ENABLE_DEBUG_INFO = INCLUDE_SOURCE;
				MTL_FAST_MATH = YES;
				ONLY_ACTIVE_ARCH = YES;
				SDKROOT = iphoneos;
				SWIFT_ACTIVE_COMPILATION_CONDITIONS = "DEBUG $(inherited)";
				SWIFT_OPTIMIZATION_LEVEL = "-Onone";
			};
			name = Debug;
		};
		955E8FF22D90576400B0AD15 /* Release */ = {
			isa = XCBuildConfiguration;
			buildSettings = {
				ALWAYS_SEARCH_USER_PATHS = NO;
				ASSETCATALOG_COMPILER_GENERATE_SWIFT_ASSET_SYMBOL_EXTENSIONS = YES;
				CLANG_ANALYZER_NONNULL = YES;
				CLANG_ANALYZER_NUMBER_OBJECT_CONVERSION = YES_AGGRESSIVE;
				CLANG_CXX_LANGUAGE_STANDARD = "gnu++20";
				CLANG_ENABLE_MODULES = YES;
				CLANG_ENABLE_OBJC_ARC = YES;
				CLANG_ENABLE_OBJC_WEAK = YES;
				CLANG_WARN_BLOCK_CAPTURE_AUTORELEASING = YES;
				CLANG_WARN_BOOL_CONVERSION = YES;
				CLANG_WARN_COMMA = YES;
				CLANG_WARN_CONSTANT_CONVERSION = YES;
				CLANG_WARN_DEPRECATED_OBJC_IMPLEMENTATIONS = YES;
				CLANG_WARN_DIRECT_OBJC_ISA_USAGE = YES_ERROR;
				CLANG_WARN_DOCUMENTATION_COMMENTS = YES;
				CLANG_WARN_EMPTY_BODY = YES;
				CLANG_WARN_ENUM_CONVERSION = YES;
				CLANG_WARN_INFINITE_RECURSION = YES;
				CLANG_WARN_INT_CONVERSION = YES;
				CLANG_WARN_NON_LITERAL_NULL_CONVERSION = YES;
				CLANG_WARN_OBJC_IMPLICIT_RETAIN_SELF = YES;
				CLANG_WARN_OBJC_LITERAL_CONVERSION = YES;
				CLANG_WARN_OBJC_ROOT_CLASS = YES_ERROR;
				CLANG_WARN_QUOTED_INCLUDE_IN_FRAMEWORK_HEADER = YES;
				CLANG_WARN_RANGE_LOOP_ANALYSIS = YES;
				CLANG_WARN_STRICT_PROTOTYPES = YES;
				CLANG_WARN_SUSPICIOUS_MOVE = YES;
				CLANG_WARN_UNGUARDED_AVAILABILITY = YES_AGGRESSIVE;
				CLANG_WARN_UNREACHABLE_CODE = YES;
				CLANG_WARN__DUPLICATE_METHOD_MATCH = YES;
				COPY_PHASE_STRIP = NO;
				DEBUG_INFORMATION_FORMAT = "dwarf-with-dsym";
				ENABLE_NS_ASSERTIONS = NO;
				ENABLE_STRICT_OBJC_MSGSEND = YES;
				ENABLE_USER_SCRIPT_SANDBOXING = YES;
				GCC_C_LANGUAGE_STANDARD = gnu17;
				GCC_NO_COMMON_BLOCKS = YES;
				GCC_WARN_64_TO_32_BIT_CONVERSION = YES;
				GCC_WARN_ABOUT_RETURN_TYPE = YES_ERROR;
				GCC_WARN_UNDECLARED_SELECTOR = YES;
				GCC_WARN_UNINITIALIZED_AUTOS = YES_AGGRESSIVE;
				GCC_WARN_UNUSED_FUNCTION = YES;
				GCC_WARN_UNUSED_VARIABLE = YES;
				IPHONEOS_DEPLOYMENT_TARGET = 18.2;
				LOCALIZATION_PREFERS_STRING_CATALOGS = YES;
				MTL_ENABLE_DEBUG_INFO = NO;
				MTL_FAST_MATH = YES;
				SDKROOT = iphoneos;
				SWIFT_COMPILATION_MODE = wholemodule;
				VALIDATE_PRODUCT = YES;
			};
			name = Release;
		};
		955E8FF42D90576400B0AD15 /* Debug */ = {
			isa = XCBuildConfiguration;
			buildSettings = {
				ASSETCATALOG_COMPILER_APPICON_NAME = AppIcon;
				ASSETCATALOG_COMPILER_GLOBAL_ACCENT_COLOR_NAME = AccentColor;
				CODE_SIGN_STYLE = Automatic;
				CURRENT_PROJECT_VERSION = 1;
				DEVELOPMENT_ASSET_PATHS = "\"BamwareDemoApp/Preview Content\"";
				DEVELOPMENT_TEAM = BZRTC4A75L;
				ENABLE_PREVIEWS = YES;
				GENERATE_INFOPLIST_FILE = YES;
				INFOPLIST_KEY_UIApplicationSceneManifest_Generation = YES;
				INFOPLIST_KEY_UIApplicationSupportsIndirectInputEvents = YES;
				INFOPLIST_KEY_UILaunchScreen_Generation = YES;
				INFOPLIST_KEY_UISupportedInterfaceOrientations_iPad = "UIInterfaceOrientationPortrait UIInterfaceOrientationPortraitUpsideDown UIInterfaceOrientationLandscapeLeft UIInterfaceOrientationLandscapeRight";
				INFOPLIST_KEY_UISupportedInterfaceOrientations_iPhone = "UIInterfaceOrientationPortrait UIInterfaceOrientationLandscapeLeft UIInterfaceOrientationLandscapeRight";
				LD_RUNPATH_SEARCH_PATHS = (
					"$(inherited)",
					"@executable_path/Frameworks",
				);
				MARKETING_VERSION = 1.0;
				PRODUCT_BUNDLE_IDENTIFIER = bamware.BamwareDemoApp;
				PRODUCT_NAME = "$(TARGET_NAME)";
				SWIFT_EMIT_LOC_STRINGS = YES;
				SWIFT_VERSION = 5.0;
				TARGETED_DEVICE_FAMILY = "1,2";
			};
			name = Debug;
		};
		955E8FF52D90576400B0AD15 /* Release */ = {
			isa = XCBuildConfiguration;
			buildSettings = {
				ASSETCATALOG_COMPILER_APPICON_NAME = AppIcon;
				ASSETCATALOG_COMPILER_GLOBAL_ACCENT_COLOR_NAME = AccentColor;
				CODE_SIGN_STYLE = Automatic;
				CURRENT_PROJECT_VERSION = 1;
				DEVELOPMENT_ASSET_PATHS = "\"BamwareDemoApp/Preview Content\"";
				DEVELOPMENT_TEAM = BZRTC4A75L;
				ENABLE_PREVIEWS = YES;
				GENERATE_INFOPLIST_FILE = YES;
				INFOPLIST_KEY_UIApplicationSceneManifest_Generation = YES;
				INFOPLIST_KEY_UIApplicationSupportsIndirectInputEvents = YES;
				INFOPLIST_KEY_UILaunchScreen_Generation = YES;
				INFOPLIST_KEY_UISupportedInterfaceOrientations_iPad = "UIInterfaceOrientationPortrait UIInterfaceOrientationPortraitUpsideDown UIInterfaceOrientationLandscapeLeft UIInterfaceOrientationLandscapeRight";
				INFOPLIST_KEY_UISupportedInterfaceOrientations_iPhone = "UIInterfaceOrientationPortrait UIInterfaceOrientationLandscapeLeft UIInterfaceOrientationLandscapeRight";
				LD_RUNPATH_SEARCH_PATHS = (
					"$(inherited)",
					"@executable_path/Frameworks",
				);
				MARKETING_VERSION = 1.0;
				PRODUCT_BUNDLE_IDENTIFIER = bamware.BamwareDemoApp;
				PRODUCT_NAME = "$(TARGET_NAME)";
				SWIFT_EMIT_LOC_STRINGS = YES;
				SWIFT_VERSION = 5.0;
				TARGETED_DEVICE_FAMILY = "1,2";
			};
			name = Release;
		};
		955E8FF72D90576400B0AD15 /* Debug */ = {
			isa = XCBuildConfiguration;
			buildSettings = {
				BUNDLE_LOADER = "$(TEST_HOST)";
				CODE_SIGN_STYLE = Automatic;
				CURRENT_PROJECT_VERSION = 1;
				DEVELOPMENT_TEAM = BZRTC4A75L;
				GENERATE_INFOPLIST_FILE = YES;
				IPHONEOS_DEPLOYMENT_TARGET = 18.2;
				MARKETING_VERSION = 1.0;
				PRODUCT_BUNDLE_IDENTIFIER = bamware.BamwareDemoAppTests;
				PRODUCT_NAME = "$(TARGET_NAME)";
				SWIFT_EMIT_LOC_STRINGS = NO;
				SWIFT_VERSION = 5.0;
				TARGETED_DEVICE_FAMILY = "1,2";
				TEST_HOST = "$(BUILT_PRODUCTS_DIR)/BamwareDemoApp.app/$(BUNDLE_EXECUTABLE_FOLDER_PATH)/BamwareDemoApp";
			};
			name = Debug;
		};
		955E8FF82D90576400B0AD15 /* Release */ = {
			isa = XCBuildConfiguration;
			buildSettings = {
				BUNDLE_LOADER = "$(TEST_HOST)";
				CODE_SIGN_STYLE = Automatic;
				CURRENT_PROJECT_VERSION = 1;
				DEVELOPMENT_TEAM = BZRTC4A75L;
				GENERATE_INFOPLIST_FILE = YES;
				IPHONEOS_DEPLOYMENT_TARGET = 18.2;
				MARKETING_VERSION = 1.0;
				PRODUCT_BUNDLE_IDENTIFIER = bamware.BamwareDemoAppTests;
				PRODUCT_NAME = "$(TARGET_NAME)";
				SWIFT_EMIT_LOC_STRINGS = NO;
				SWIFT_VERSION = 5.0;
				TARGETED_DEVICE_FAMILY = "1,2";
				TEST_HOST = "$(BUILT_PRODUCTS_DIR)/BamwareDemoApp.app/$(BUNDLE_EXECUTABLE_FOLDER_PATH)/BamwareDemoApp";
			};
			name = Release;
		};
		955E8FFA2D90576400B0AD15 /* Debug */ = {
			isa = XCBuildConfiguration;
			buildSettings = {
				CODE_SIGN_STYLE = Automatic;
				CURRENT_PROJECT_VERSION = 1;
				DEVELOPMENT_TEAM = BZRTC4A75L;
				GENERATE_INFOPLIST_FILE = YES;
				MARKETING_VERSION = 1.0;
				PRODUCT_BUNDLE_IDENTIFIER = bamware.BamwareDemoAppUITests;
				PRODUCT_NAME = "$(TARGET_NAME)";
				SWIFT_EMIT_LOC_STRINGS = NO;
				SWIFT_VERSION = 5.0;
				TARGETED_DEVICE_FAMILY = "1,2";
				TEST_TARGET_NAME = BamwareDemoApp;
			};
			name = Debug;
		};
		955E8FFB2D90576400B0AD15 /* Release */ = {
			isa = XCBuildConfiguration;
			buildSettings = {
				CODE_SIGN_STYLE = Automatic;
				CURRENT_PROJECT_VERSION = 1;
				DEVELOPMENT_TEAM = BZRTC4A75L;
				GENERATE_INFOPLIST_FILE = YES;
				MARKETING_VERSION = 1.0;
				PRODUCT_BUNDLE_IDENTIFIER = bamware.BamwareDemoAppUITests;
				PRODUCT_NAME = "$(TARGET_NAME)";
				SWIFT_EMIT_LOC_STRINGS = NO;
				SWIFT_VERSION = 5.0;
				TARGETED_DEVICE_FAMILY = "1,2";
				TEST_TARGET_NAME = BamwareDemoApp;
			};
			name = Release;
		};
/* End XCBuildConfiguration section */

/* Begin XCConfigurationList section */
		955E8FCA2D90576200B0AD15 /* Build configuration list for PBXProject "BamwareDemoApp" */ = {
			isa = XCConfigurationList;
			buildConfigurations = (
				955E8FF12D90576400B0AD15 /* Debug */,
				955E8FF22D90576400B0AD15 /* Release */,
			);
			defaultConfigurationIsVisible = 0;
			defaultConfigurationName = Release;
		};
		955E8FF32D90576400B0AD15 /* Build configuration list for PBXNativeTarget "BamwareDemoApp" */ = {
			isa = XCConfigurationList;
			buildConfigurations = (
				955E8FF42D90576400B0AD15 /* Debug */,
				955E8FF52D90576400B0AD15 /* Release */,
			);
			defaultConfigurationIsVisible = 0;
			defaultConfigurationName = Release;
		};
		955E8FF62D90576400B0AD15 /* Build configuration list for PBXNativeTarget "BamwareDemoAppTests" */ = {
			isa = XCConfigurationList;
			buildConfigurations = (
				955E8FF72D90576400B0AD15 /* Debug */,
				955E8FF82D90576400B0AD15 /* Release */,
			);
			defaultConfigurationIsVisible = 0;
			defaultConfigurationName = Release;
		};
		955E8FF92D90576400B0AD15 /* Build configuration list for PBXNativeTarget "BamwareDemoAppUITests" */ = {
			isa = XCConfigurationList;
			buildConfigurations = (
				955E8FFA2D90576400B0AD15 /* Debug */,
				955E8FFB2D90576400B0AD15 /* Release */,
			);
			defaultConfigurationIsVisible = 0;
			defaultConfigurationName = Release;
		};
/* End XCConfigurationList section */

/* Begin XCRemoteSwiftPackageReference section */
		955E8FFE2D90597600B0AD15 /* XCRemoteSwiftPackageReference "Factory" */ = {
			isa = XCRemoteSwiftPackageReference;
			repositoryURL = "https://github.com/hmlongco/Factory";
			requirement = {
				kind = upToNextMajorVersion;
				minimumVersion = 2.4.3;
			};
		};
		955E90012D9059BB00B0AD15 /* XCRemoteSwiftPackageReference "bamware-ios" */ = {
			isa = XCRemoteSwiftPackageReference;
			repositoryURL = "https://github.com/mrbam88/bamware-ios";
			requirement = {
				branch = main;
				kind = branch;
			};
		};
/* End XCRemoteSwiftPackageReference section */

/* Begin XCSwiftPackageProductDependency section */
		955E8FFF2D90597600B0AD15 /* Factory */ = {
			isa = XCSwiftPackageProductDependency;
			package = 955E8FFE2D90597600B0AD15 /* XCRemoteSwiftPackageReference "Factory" */;
			productName = Factory;
		};
/* End XCSwiftPackageProductDependency section */
	};
	rootObject = 955E8FC72D90576200B0AD15 /* Project object */;
}
